<?xml version="1.0" encoding="utf-8"?>
<Project ToolsVersion="4.0" xmlns="http://schemas.microsoft.com/developer/msbuild/2003">
  <ItemGroup>
    <Filter Include="Source Files">
      <UniqueIdentifier>{4FC737F1-C7A5-4376-A066-2A32D752A2FF}</UniqueIdentifier>
      <Extensions>cpp;cxx;c;def</Extensions>
    </Filter>
    <Filter Include="Header Files">
      <UniqueIdentifier>{93995380-89BD-4b04-88EB-625FBE52EBFB}</UniqueIdentifier>
      <Extensions>h</Extensions>
    </Filter>
    <Filter Include="Form Files">
      <UniqueIdentifier>{99349809-55BA-4b9d-BF79-8FDBB0286EB3}</UniqueIdentifier>
      <Extensions>ui</Extensions>
    </Filter>
    <Filter Include="Resource Files">
      <UniqueIdentifier>{D9D6E242-F8AF-46E4-B9FD-80ECBC20BA3E}</UniqueIdentifier>
      <Extensions>qrc;*</Extensions>
      <ParseFiles>false</ParseFiles>
    </Filter>
    <Filter Include="Generated Files">
      <UniqueIdentifier>{71ED8ED8-ACB9-4CE9-BBE1-E00B30144E11}</UniqueIdentifier>
      <Extensions>moc;h;cpp</Extensions>
      <SourceControlFiles>False</SourceControlFiles>
    </Filter>
    <Filter Include="Generated Files\Debug">
      <UniqueIdentifier>{6256b8a2-9248-4368-9967-f7b778ddb030}</UniqueIdentifier>
      <Extensions>cpp;moc</Extensions>
      <SourceControlFiles>False</SourceControlFiles>
    </Filter>
    <Filter Include="Generated Files\Release">
      <UniqueIdentifier>{2d0bed25-0de4-4c3a-8a4a-ef45a5a02817}</UniqueIdentifier>
      <Extensions>cpp;moc</Extensions>
      <SourceControlFiles>False</SourceControlFiles>
    </Filter>
  </ItemGroup>
  <ItemGroup>
    <ClCompile Include="main.cpp">
      <Filter>Source Files</Filter>
    </ClCompile>
    <ClCompile Include="src\graphics\glwidget.cpp">
      <Filter>Source Files</Filter>
    </ClCompile>
    <ClCompile Include="GeneratedFiles\Debug\moc_glwidget.cpp">
      <Filter>Generated Files\Debug</Filter>
    </ClCompile>
    <ClCompile Include="GeneratedFiles\Release\moc_glwidget.cpp">
      <Filter>Generated Files\Release</Filter>
    </ClCompile>
    <ClCompile Include="src\graphics\shader.cpp">
      <Filter>Source Files</Filter>
    </ClCompile>
    <ClCompile Include="src\graphics\generator.cpp">
      <Filter>Source Files</Filter>
    </ClCompile>
    <ClCompile Include="src\graphics\camera.cpp">
      <Filter>Source Files</Filter>
    </ClCompile>
    <ClCompile Include="src\fileio\objreader.cpp">
      <Filter>Source Files</Filter>
    </ClCompile>
    <ClCompile Include="src\fileio\qeIO.cpp">
      <Filter>Source Files</Filter>
    </ClCompile>
    <ClCompile Include="src\entities\structure.cpp">
      <Filter>Source Files</Filter>
    </ClCompile>
    <ClCompile Include="src\entities\particle.cpp">
      <Filter>Source Files</Filter>
    </ClCompile>
    <ClCompile Include="src\entities\bond.cpp">
      <Filter>Source Files</Filter>
    </ClCompile>
    <ClCompile Include="src\renderables\Cube.cpp">
      <Filter>Source Files</Filter>
    </ClCompile>
    <ClCompile Include="src\renderables\cylinder.cpp">
      <Filter>Source Files</Filter>
    </ClCompile>
    <ClCompile Include="src\renderables\sphere.cpp">
      <Filter>Source Files</Filter>
    </ClCompile>
    <ClCompile Include="src\renderables\renderable3D.cpp">
      <Filter>Source Files</Filter>
    </ClCompile>
    <ClCompile Include="src\widgets\treewidget.cpp">
      <Filter>Source Files</Filter>
    </ClCompile>
    <ClCompile Include="GeneratedFiles\Debug\moc_treewidget.cpp">
      <Filter>Generated Files\Debug</Filter>
    </ClCompile>
    <ClCompile Include="GeneratedFiles\Release\moc_treewidget.cpp">
      <Filter>Generated Files\Release</Filter>
    </ClCompile>
    <ClCompile Include="src\widgets\tablewidget.cpp">
      <Filter>Source Files</Filter>
    </ClCompile>
    <ClCompile Include="GeneratedFiles\Debug\moc_tablewidget.cpp">
      <Filter>Generated Files\Debug</Filter>
    </ClCompile>
    <ClCompile Include="GeneratedFiles\Release\moc_tablewidget.cpp">
      <Filter>Generated Files\Release</Filter>
    </ClCompile>
    <ClCompile Include="src\windows\createstructurewindow.cpp">
      <Filter>Source Files</Filter>
    </ClCompile>
    <ClCompile Include="src\windows\atomwindow.cpp">
      <Filter>Source Files</Filter>
    </ClCompile>
    <ClCompile Include="GeneratedFiles\Debug\moc_atomwindow.cpp">
      <Filter>Generated Files\Debug</Filter>
    </ClCompile>
    <ClCompile Include="GeneratedFiles\Release\moc_atomwindow.cpp">
      <Filter>Generated Files\Release</Filter>
    </ClCompile>
    <ClCompile Include="src\global.cpp">
      <Filter>Source Files</Filter>
    </ClCompile>
    <ClCompile Include="GeneratedFiles\Release\moc_createstructurewindow.cpp">
      <Filter>Source Files</Filter>
    </ClCompile>
    <ClCompile Include="DSMmainwindow.cpp">
      <Filter>Source Files</Filter>
    </ClCompile>
    <ClCompile Include="GeneratedFiles\Debug\moc_DSMmainwindow.cpp">
      <Filter>Generated Files\Debug</Filter>
    </ClCompile>
    <ClCompile Include="GeneratedFiles\Release\moc_DSMmainwindow.cpp">
      <Filter>Generated Files\Release</Filter>
    </ClCompile>
    <ClCompile Include="GeneratedFiles\qrc_DSMmainwindow.cpp">
      <Filter>Generated Files</Filter>
    </ClCompile>
    <ClCompile Include="src\graphics\VAO.cpp">
      <Filter>Source Files</Filter>
    </ClCompile>
    <ClCompile Include="src\graphics\VBO.cpp">
      <Filter>Source Files</Filter>
    </ClCompile>
    <ClCompile Include="src\renderables\cone.cpp">
      <Filter>Source Files</Filter>
    </ClCompile>
    <ClCompile Include="src\graphics\shader3D.cpp">
      <Filter>Source Files</Filter>
    </ClCompile>
    <ClCompile Include="src\graphics\shader2D.cpp">
      <Filter>Source Files</Filter>
    </ClCompile>
  </ItemGroup>
  <ItemGroup>
    <CustomBuild Include="src\graphics\glwidget.h">
      <Filter>Header Files</Filter>
    </CustomBuild>
    <CustomBuild Include="src\widgets\treewidget.h">
      <Filter>Header Files</Filter>
    </CustomBuild>
    <CustomBuild Include="src\widgets\tablewidget.h">
      <Filter>Header Files</Filter>
    </CustomBuild>
    <CustomBuild Include="src\windows\createstructurewindow.ui">
      <Filter>Form Files</Filter>
    </CustomBuild>
    <CustomBuild Include="src\windows\createstructurewindow.h">
      <Filter>Header Files</Filter>
    </CustomBuild>
    <CustomBuild Include="src\windows\atomwindow.h">
      <Filter>Header Files</Filter>
    </CustomBuild>
    <CustomBuild Include="src\windows\atomwindow.ui">
      <Filter>Form Files</Filter>
    </CustomBuild>
    <CustomBuild Include="DSMmainwindow.h">
      <Filter>Header Files</Filter>
    </CustomBuild>
    <CustomBuild Include="DSMmainwindow.qrc">
      <Filter>Resource Files</Filter>
    </CustomBuild>
    <CustomBuild Include="DSMmainwindow.ui">
      <Filter>Form Files</Filter>
    </CustomBuild>
  </ItemGroup>
  <ItemGroup>
    <ClInclude Include="src\graphics\light.h">
      <Filter>Header Files</Filter>
    </ClInclude>
    <ClInclude Include="src\graphics\shader.h">
      <Filter>Header Files</Filter>
    </ClInclude>
    <ClInclude Include="src\graphics\generator.h">
      <Filter>Header Files</Filter>
    </ClInclude>
    <ClInclude Include="src\graphics\camera.h">
      <Filter>Header Files</Filter>
    </ClInclude>
    <ClInclude Include="src\fileio\fileutils.h">
      <Filter>Header Files</Filter>
    </ClInclude>
    <ClInclude Include="src\fileio\objreader.h">
      <Filter>Header Files</Filter>
    </ClInclude>
    <ClInclude Include="src\fileio\qeIO.h">
      <Filter>Header Files</Filter>
    </ClInclude>
    <ClInclude Include="src\entities\structure.h">
      <Filter>Header Files</Filter>
    </ClInclude>
    <ClInclude Include="src\entities\particle.h">
      <Filter>Header Files</Filter>
    </ClInclude>
    <ClInclude Include="src\entities\bond.h">
      <Filter>Header Files</Filter>
    </ClInclude>
    <ClInclude Include="src\entities\elements.h">
      <Filter>Header Files</Filter>
    </ClInclude>
    <ClInclude Include="src\graphics\GL.h">
      <Filter>Header Files</Filter>
    </ClInclude>
    <ClInclude Include="src\renderables\Cube.h">
      <Filter>Header Files</Filter>
    </ClInclude>
    <ClInclude Include="src\renderables\cylinder.h">
      <Filter>Header Files</Filter>
    </ClInclude>
    <ClInclude Include="src\renderables\sphere.h">
      <Filter>Header Files</Filter>
    </ClInclude>
    <ClInclude Include="src\renderables\renderable3D.h">
      <Filter>Header Files</Filter>
    </ClInclude>
    <ClInclude Include="src\utils\timer.h">
      <Filter>Header Files</Filter>
    </ClInclude>
    <ClInclude Include="src\utils\maths.h">
      <Filter>Header Files</Filter>
    </ClInclude>
    <ClInclude Include="GeneratedFiles\ui_createstructurewindow.h">
      <Filter>Generated Files</Filter>
    </ClInclude>
    <ClInclude Include="GeneratedFiles\ui_atomwindow.h">
      <Filter>Generated Files</Filter>
    </ClInclude>
    <ClInclude Include="src\global.h">
      <Filter>Header Files</Filter>
    </ClInclude>
    <ClInclude Include="GeneratedFiles\ui_DSMmainwindow.h">
      <Filter>Generated Files</Filter>
    </ClInclude>
    <ClInclude Include="src\graphics\VAO.h">
      <Filter>Header Files</Filter>
    </ClInclude>
    <ClInclude Include="src\graphics\VBO.h">
      <Filter>Header Files</Filter>
    </ClInclude>
    <ClInclude Include="src\renderables\cone.h">
      <Filter>Header Files</Filter>
    </ClInclude>
    <ClInclude Include="src\graphics\shader3D.h">
      <Filter>Header Files</Filter>
    </ClInclude>
    <ClInclude Include="src\graphics\shader2D.h">
      <Filter>Header Files</Filter>
    </ClInclude>
  </ItemGroup>
  <ItemGroup>
    <Text Include="src\entities\elements.txt" />
    <Text Include="SnCl.txt" />
    <Text Include="src\renderables\cube.txt" />
    <Text Include="Text.txt" />
  </ItemGroup>
  <ItemGroup>
    <None Include="src\graphics\shaders\main.frag" />
    <None Include="src\graphics\shaders\main.vert" />
    <None Include="src\graphics\shaders\test.frag" />
    <None Include="src\graphics\shaders\test.vert" />
    <None Include="src\graphics\shaders\test1.frag" />
    <None Include="src\graphics\shaders\test1.vert" />
    <None Include="gdisTest3.pri" />
    <None Include="gdisTest3.pro" />
    <None Include="src\icons\geom.xpm" />
    <None Include="src\icons\axes.xpm" />
    <None Include="src\icons\arrow.xpm" />
    <None Include="src\icons\box.xpm" />
    <None Include="src\icons\camera.xpm" />
    <None Include="src\icons\canvas_create.xpm" />
    <None Include="src\icons\canvas_delete.xpm" />
    <None Include="src\icons\canvas_single.xpm" />
    <None Include="src\icons\cell.xpm" />
    <None Include="src\icons\cross.xpm" />
    <None Include="src\icons\diamond2.xpm" />
    <None Include="src\icons\disk.xpm" />
    <None Include="src\icons\element.xpm" />
    <None Include="src\icons\fastforward.xpm" />
    <None Include="src\icons\folder.xpm" />
    <None Include="src\icons\go.xpm" />
    <None Include="src\icons\graph.xpm" />
    <None Include="src\icons\left_arrow1.xpm" />
    <None Include="src\icons\logo_left.xpm" />
    <None Include="src\icons\matrix.xpm" />
    <None Include="src\icons\logo_right.xpm" />
    <None Include="src\icons\methane.xpm" />
    <None Include="src\icons\palette.xpm" />
    <None Include="src\icons\pause.xpm" />
    <None Include="src\icons\play.xpm" />
    <None Include="src\icons\plus.xpm" />
    <None Include="src\icons\polymer.xpm" />
    <None Include="src\icons\render_setup.xpm" />
    <None Include="src\icons\rewind.xpm" />
    <None Include="src\icons\right_arrow1.xpm" />
    <None Include="src\icons\split_both.xpm" />
    <None Include="src\icons\split_horz.xpm" />
    <None Include="src\icons\split_none.xpm" />
    <None Include="src\icons\split_vert.xpm" />
    <None Include="src\icons\step_backward.xpm" />
    <None Include="src\icons\step_forward.xpm" />
    <None Include="src\icons\stop.xpm" />
    <None Include="src\icons\surface.xpm" />
    <None Include="src\icons\tb_animate.xpm" />
    <None Include="src\icons\tb_diffraction.xpm" />
    <None Include="src\icons\tb_surface.xpm" />
    <None Include="src\icons\tb_isosurface.xpm" />
    <None Include="src\icons\tools.xpm" />
    <None Include="src\fileio\templates\pw.in" />
    <None Include="src\graphics\shaders\2D.vert" />
    <None Include="src\graphics\shaders\2D.frag" />
  </ItemGroup>
</Project>